
Microsoft Visual Studio Solution File, Format Version 12.00
# Visual Studio 2012
Project("{FAE04EC0-301F-11D3-BF4B-00C04F79EFBC}") = "CsDO.CodeGenerator", "CsDO.CodeGenerator\CsDO.CodeGenerator.csproj", "{32B7BC22-96CF-42AF-9DD8-87A92DA3F9F7}"
EndProject
Project("{FAE04EC0-301F-11D3-BF4B-00C04F79EFBC}") = "CsDOMembershipProvider", "CsDOMembershipProvider\CsDOMembershipProvider.csproj", "{BBE68246-7EAD-405B-AFDD-9302E85DBD25}"
EndProject
Project("{FAE04EC0-301F-11D3-BF4B-00C04F79EFBC}") = "CsDo.Lib", "CsDO.Lib\CsDo.Lib.csproj", "{29291966-F3A0-4F7A-816F-9376E5AF32BF}"
EndProject
Project("{FAE04EC0-301F-11D3-BF4B-00C04F79EFBC}") = "CsDO.Lib.Tests", "CsDO.Lib.Tests\CsDO.Lib.Tests.csproj", "{74A50A6B-515D-4585-B9B0-40068B224909}"
EndProject
Project("{FAE04EC0-301F-11D3-BF4B-00C04F79EFBC}") = "CsDO.Driver.SqlServer", "CsDO.Drivers\CsDO.Driver.SqlServer.csproj", "{78045090-9CBE-4BD0-A03F-C881C3194BF8}"
EndProject
Project("{FAE04EC0-301F-11D3-BF4B-00C04F79EFBC}") = "CsDO.Lib.MockDriver", "CsDo.Lib.MockDriver\CsDO.Lib.MockDriver.csproj", "{C082C9D7-BB60-4829-9207-2B39FE57C9C5}"
EndProject
Project("{FAE04EC0-301F-11D3-BF4B-00C04F79EFBC}") = "CsDO.Driver.Npgsql.Tests", "CsDO.Driver.Tests\CsDO.Driver.Npgsql.Tests.csproj", "{AF73DB57-FBE8-41BF-8B9D-020FC8C01DF5}"
EndProject
Project("{FAE04EC0-301F-11D3-BF4B-00C04F79EFBC}") = "CsDO.Driver.OleDb", "CsDO.Drivers\CsDO.Driver.OleDb.csproj", "{A85D143A-0FEE-4F35-AE08-E3E35133B2AE}"
EndProject
Project("{FAE04EC0-301F-11D3-BF4B-00C04F79EFBC}") = "CsDO.Driver.Npgsql", "CsDO.Drivers\CsDO.Driver.Npgsql.csproj", "{592CFDA5-2A05-459D-B6C1-EBB5599CA6EA}"
EndProject
Project("{FAE04EC0-301F-11D3-BF4B-00C04F79EFBC}") = "CsDO.Driver.OleDb.Tests", "CsDO.Driver.Tests\CsDO.Driver.OleDb.Tests.csproj", "{D2578EE2-EE3D-4EC2-B0B9-20CA6D489B5A}"
EndProject
Project("{FAE04EC0-301F-11D3-BF4B-00C04F79EFBC}") = "CsDO.Driver.SqlServer.Tests", "CsDO.Driver.Tests\CsDO.Driver.SqlServer.Tests.csproj", "{9FD8B0CB-885F-4ED1-83EC-6538067FC36D}"
EndProject
Project("{2150E333-8FDC-42A3-9474-1A3956D46DE8}") = ".nuget", ".nuget", "{84A731FB-F5DA-4220-8A11-796A44523E70}"
	ProjectSection(SolutionItems) = preProject
		.nuget\NuGet.exe = .nuget\NuGet.exe
		.nuget\NuGet.targets = .nuget\NuGet.targets
		.nuget\packages.config = .nuget\packages.config
	EndProjectSection
EndProject
Global
	GlobalSection(SolutionConfigurationPlatforms) = preSolution
		Debug|Any CPU = Debug|Any CPU
		Release|Any CPU = Release|Any CPU
	EndGlobalSection
	GlobalSection(ProjectConfigurationPlatforms) = postSolution
		{29291966-F3A0-4F7A-816F-9376E5AF32BF}.Debug|Any CPU.ActiveCfg = Debug|Any CPU
		{29291966-F3A0-4F7A-816F-9376E5AF32BF}.Debug|Any CPU.Build.0 = Debug|Any CPU
		{29291966-F3A0-4F7A-816F-9376E5AF32BF}.Release|Any CPU.ActiveCfg = Release|Any CPU
		{29291966-F3A0-4F7A-816F-9376E5AF32BF}.Release|Any CPU.Build.0 = Release|Any CPU
		{32B7BC22-96CF-42AF-9DD8-87A92DA3F9F7}.Debug|Any CPU.ActiveCfg = Debug|Any CPU
		{32B7BC22-96CF-42AF-9DD8-87A92DA3F9F7}.Debug|Any CPU.Build.0 = Debug|Any CPU
		{32B7BC22-96CF-42AF-9DD8-87A92DA3F9F7}.Release|Any CPU.ActiveCfg = Release|Any CPU
		{32B7BC22-96CF-42AF-9DD8-87A92DA3F9F7}.Release|Any CPU.Build.0 = Release|Any CPU
		{592CFDA5-2A05-459D-B6C1-EBB5599CA6EA}.Debug|Any CPU.ActiveCfg = Debug|Any CPU
		{592CFDA5-2A05-459D-B6C1-EBB5599CA6EA}.Debug|Any CPU.Build.0 = Debug|Any CPU
		{592CFDA5-2A05-459D-B6C1-EBB5599CA6EA}.Release|Any CPU.ActiveCfg = Release|Any CPU
		{592CFDA5-2A05-459D-B6C1-EBB5599CA6EA}.Release|Any CPU.Build.0 = Release|Any CPU
		{74A50A6B-515D-4585-B9B0-40068B224909}.Debug|Any CPU.ActiveCfg = Debug|Any CPU
		{74A50A6B-515D-4585-B9B0-40068B224909}.Debug|Any CPU.Build.0 = Debug|Any CPU
		{74A50A6B-515D-4585-B9B0-40068B224909}.Release|Any CPU.ActiveCfg = Release|Any CPU
		{74A50A6B-515D-4585-B9B0-40068B224909}.Release|Any CPU.Build.0 = Release|Any CPU
		{78045090-9CBE-4BD0-A03F-C881C3194BF8}.Debug|Any CPU.ActiveCfg = Debug|Any CPU
		{78045090-9CBE-4BD0-A03F-C881C3194BF8}.Debug|Any CPU.Build.0 = Debug|Any CPU
		{78045090-9CBE-4BD0-A03F-C881C3194BF8}.Release|Any CPU.ActiveCfg = Release|Any CPU
		{78045090-9CBE-4BD0-A03F-C881C3194BF8}.Release|Any CPU.Build.0 = Release|Any CPU
		{9FD8B0CB-885F-4ED1-83EC-6538067FC36D}.Debug|Any CPU.ActiveCfg = Debug|Any CPU
		{9FD8B0CB-885F-4ED1-83EC-6538067FC36D}.Debug|Any CPU.Build.0 = Debug|Any CPU
		{9FD8B0CB-885F-4ED1-83EC-6538067FC36D}.Release|Any CPU.ActiveCfg = Release|Any CPU
		{9FD8B0CB-885F-4ED1-83EC-6538067FC36D}.Release|Any CPU.Build.0 = Release|Any CPU
		{A85D143A-0FEE-4F35-AE08-E3E35133B2AE}.Debug|Any CPU.ActiveCfg = Debug|Any CPU
		{A85D143A-0FEE-4F35-AE08-E3E35133B2AE}.Debug|Any CPU.Build.0 = Debug|Any CPU
		{A85D143A-0FEE-4F35-AE08-E3E35133B2AE}.Release|Any CPU.ActiveCfg = Release|Any CPU
		{A85D143A-0FEE-4F35-AE08-E3E35133B2AE}.Release|Any CPU.Build.0 = Release|Any CPU
		{AF73DB57-FBE8-41BF-8B9D-020FC8C01DF5}.Debug|Any CPU.ActiveCfg = Debug|Any CPU
		{AF73DB57-FBE8-41BF-8B9D-020FC8C01DF5}.Debug|Any CPU.Build.0 = Debug|Any CPU
		{AF73DB57-FBE8-41BF-8B9D-020FC8C01DF5}.Release|Any CPU.ActiveCfg = Release|Any CPU
		{AF73DB57-FBE8-41BF-8B9D-020FC8C01DF5}.Release|Any CPU.Build.0 = Release|Any CPU
		{BBE68246-7EAD-405B-AFDD-9302E85DBD25}.Debug|Any CPU.ActiveCfg = Debug|Any CPU
		{BBE68246-7EAD-405B-AFDD-9302E85DBD25}.Debug|Any CPU.Build.0 = Debug|Any CPU
		{BBE68246-7EAD-405B-AFDD-9302E85DBD25}.Release|Any CPU.ActiveCfg = Release|Any CPU
		{BBE68246-7EAD-405B-AFDD-9302E85DBD25}.Release|Any CPU.Build.0 = Release|Any CPU
		{C082C9D7-BB60-4829-9207-2B39FE57C9C5}.Debug|Any CPU.ActiveCfg = Debug|Any CPU
		{C082C9D7-BB60-4829-9207-2B39FE57C9C5}.Debug|Any CPU.Build.0 = Debug|Any CPU
		{C082C9D7-BB60-4829-9207-2B39FE57C9C5}.Release|Any CPU.ActiveCfg = Release|Any CPU
		{C082C9D7-BB60-4829-9207-2B39FE57C9C5}.Release|Any CPU.Build.0 = Release|Any CPU
		{D2578EE2-EE3D-4EC2-B0B9-20CA6D489B5A}.Debug|Any CPU.ActiveCfg = Debug|Any CPU
		{D2578EE2-EE3D-4EC2-B0B9-20CA6D489B5A}.Debug|Any CPU.Build.0 = Debug|Any CPU
		{D2578EE2-EE3D-4EC2-B0B9-20CA6D489B5A}.Release|Any CPU.ActiveCfg = Release|Any CPU
		{D2578EE2-EE3D-4EC2-B0B9-20CA6D489B5A}.Release|Any CPU.Build.0 = Release|Any CPU
	EndGlobalSection
	GlobalSection(SolutionProperties) = preSolution
		HideSolutionNode = FALSE
	EndGlobalSection
	GlobalSection(MonoDevelopProperties) = preSolution
		$0.ChangeLogPolicy = $32
		$0.DotNetNamingPolicy = $1
		$0.NameConventionPolicy = $3
		$0.StandardHeader = $2
		$0.VersionControlPolicy = $31
		$1.DirectoryNamespaceAssociation = None
		$1.ResourceNamePolicy = MSBuild
		$10.String = Attribute
		$11.AffectedEntity = CustomEventArgs
		$11.IncludeInstanceMembers = True
		$11.IncludeStaticEntities = True
		$11.Name = Event Arguments
		$11.NamingStyle = PascalCase
		$11.RequiredSuffixes = $12
		$11.VisibilityMask = VisibilityMask
		$12.String = EventArgs
		$13.AffectedEntity = CustomExceptions
		$13.IncludeInstanceMembers = True
		$13.IncludeStaticEntities = True
		$13.Name = Exceptions
		$13.NamingStyle = PascalCase
		$13.RequiredSuffixes = $14
		$13.VisibilityMask = VisibilityMask
		$14.String = Exception
		$15.AffectedEntity = Methods
		$15.IncludeInstanceMembers = True
		$15.IncludeStaticEntities = True
		$15.Name = Methods
		$15.NamingStyle = PascalCase
		$15.VisibilityMask = VisibilityMask
		$16.AffectedEntity = ReadonlyField
		$16.IncludeInstanceMembers = False
		$16.IncludeStaticEntities = True
		$16.Name = Static Readonly Fields
		$16.NamingStyle = PascalCase
		$16.VisibilityMask = Internal, Protected, Public
		$17.AffectedEntity = Field
		$17.IncludeInstanceMembers = True
		$17.IncludeStaticEntities = True
		$17.Name = Fields (Non Private)
		$17.NamingStyle = PascalCase
		$17.VisibilityMask = Internal, Protected, Public
		$18.AffectedEntity = ReadonlyField
		$18.IncludeInstanceMembers = True
		$18.IncludeStaticEntities = False
		$18.Name = ReadOnly Fields (Non Private)
		$18.NamingStyle = PascalCase
		$18.VisibilityMask = Internal, Protected, Public
		$19.AffectedEntity = Field, ReadonlyField
		$19.AllowedPrefixes = $20
		$19.IncludeInstanceMembers = True
		$19.IncludeStaticEntities = False
		$19.Name = Fields (Private)
		$19.NamingStyle = CamelCase
		$19.VisibilityMask = Private
		$2.IncludeInNewFiles = True
		$2.Text = 
		$20.String = m_
		$21.AffectedEntity = Field
		$21.IncludeInstanceMembers = False
		$21.IncludeStaticEntities = True
		$21.Name = Static Fields (Private)
		$21.NamingStyle = CamelCase
		$21.VisibilityMask = Private
		$22.AffectedEntity = ReadonlyField
		$22.AllowedPrefixes = $23
		$22.IncludeInstanceMembers = True
		$22.IncludeStaticEntities = False
		$22.Name = ReadOnly Fields (Private)
		$22.NamingStyle = CamelCase
		$22.VisibilityMask = Private
		$23.String = m_
		$24.AffectedEntity = ConstantField
		$24.IncludeInstanceMembers = True
		$24.IncludeStaticEntities = True
		$24.Name = Constant Fields
		$24.NamingStyle = PascalCase
		$24.VisibilityMask = VisibilityMask
		$25.AffectedEntity = Property
		$25.IncludeInstanceMembers = True
		$25.IncludeStaticEntities = True
		$25.Name = Properties
		$25.NamingStyle = PascalCase
		$25.VisibilityMask = VisibilityMask
		$26.AffectedEntity = Event
		$26.IncludeInstanceMembers = True
		$26.IncludeStaticEntities = True
		$26.Name = Events
		$26.NamingStyle = PascalCase
		$26.VisibilityMask = VisibilityMask
		$27.AffectedEntity = EnumMember
		$27.IncludeInstanceMembers = True
		$27.IncludeStaticEntities = True
		$27.Name = Enum Members
		$27.NamingStyle = PascalCase
		$27.VisibilityMask = VisibilityMask
		$28.AffectedEntity = Parameter
		$28.IncludeInstanceMembers = True
		$28.IncludeStaticEntities = True
		$28.Name = Parameters
		$28.NamingStyle = CamelCase
		$28.VisibilityMask = VisibilityMask
		$29.AffectedEntity = TypeParameter
		$29.IncludeInstanceMembers = True
		$29.IncludeStaticEntities = True
		$29.Name = Type Parameters
		$29.NamingStyle = PascalCase
		$29.RequiredPrefixes = $30
		$29.VisibilityMask = VisibilityMask
		$3.Rules = $4
		$30.String = T
		$31.inheritsSet = Mono
		$32.MessageStyle = $33
		$32.UpdateMode = None
		$32.inheritsSet = Mono
		$33.LineAlign = 0
		$4.NamingRule = $29
		$5.AffectedEntity = Namespace
		$5.IncludeInstanceMembers = True
		$5.IncludeStaticEntities = True
		$5.Name = Namespaces
		$5.NamingStyle = PascalCase
		$5.VisibilityMask = VisibilityMask
		$6.AffectedEntity = Class, Struct, Enum, Delegate
		$6.IncludeInstanceMembers = True
		$6.IncludeStaticEntities = True
		$6.Name = Types
		$6.NamingStyle = PascalCase
		$6.VisibilityMask = VisibilityMask
		$7.AffectedEntity = Interface
		$7.IncludeInstanceMembers = True
		$7.IncludeStaticEntities = True
		$7.Name = Interfaces
		$7.NamingStyle = PascalCase
		$7.RequiredPrefixes = $8
		$7.VisibilityMask = VisibilityMask
		$8.String = I
		$9.AffectedEntity = CustomAttributes
		$9.IncludeInstanceMembers = True
		$9.IncludeStaticEntities = True
		$9.Name = Attributes
		$9.NamingStyle = PascalCase
		$9.RequiredSuffixes = $10
		$9.VisibilityMask = VisibilityMask
		Policies = $0
		StartupItem = CsDO.Lib.Tests\CsDO.Lib.Tests.csproj
		outputpath = target
		version = 1.0
	EndGlobalSection
EndGlobal
